// !$*UTF8*$!
{
	archiveVersion = 1;
	classes = {
	};
	objectVersion = 56;
	objects = {

/* Begin PBXBuildFile section */
		F05668E32947135B00F7958F /* AppDelegate.swift in Sources */ = {isa = PBXBuildFile; fileRef = F05668E22947135B00F7958F /* AppDelegate.swift */; };
		F05668E52947135B00F7958F /* SceneDelegate.swift in Sources */ = {isa = PBXBuildFile; fileRef = F05668E42947135B00F7958F /* SceneDelegate.swift */; };
		F05668EA2947135B00F7958F /* Main.storyboard in Resources */ = {isa = PBXBuildFile; fileRef = F05668E82947135B00F7958F /* Main.storyboard */; };
		F05668ED2947135B00F7958F /* WeatherApp.xcdatamodeld in Sources */ = {isa = PBXBuildFile; fileRef = F05668EB2947135B00F7958F /* WeatherApp.xcdatamodeld */; };
		F05668EF2947135D00F7958F /* Assets.xcassets in Resources */ = {isa = PBXBuildFile; fileRef = F05668EE2947135D00F7958F /* Assets.xcassets */; };
		F05668F22947135D00F7958F /* LaunchScreen.storyboard in Resources */ = {isa = PBXBuildFile; fileRef = F05668F02947135D00F7958F /* LaunchScreen.storyboard */; };
		F05668FC2947178D00F7958F /* WeatherModel.swift in Sources */ = {isa = PBXBuildFile; fileRef = F05668FB2947178D00F7958F /* WeatherModel.swift */; };
		F05668FF294717FE00F7958F /* OpenWeatherAPI.swift in Sources */ = {isa = PBXBuildFile; fileRef = F05668FE294717FE00F7958F /* OpenWeatherAPI.swift */; };
		F05669012947181700F7958F /* WeatherTableViewSection.swift in Sources */ = {isa = PBXBuildFile; fileRef = F05669002947181700F7958F /* WeatherTableViewSection.swift */; };
		F05669082947187E00F7958F /* APIManager.swift in Sources */ = {isa = PBXBuildFile; fileRef = F05669072947187E00F7958F /* APIManager.swift */; };
		F056690D294719A200F7958F /* CityWeatherViewController.swift in Sources */ = {isa = PBXBuildFile; fileRef = F056690C294719A200F7958F /* CityWeatherViewController.swift */; };
		F056691A2947292000F7958F /* MainScreenTableViewController.swift in Sources */ = {isa = PBXBuildFile; fileRef = F05669192947292000F7958F /* MainScreenTableViewController.swift */; };
		F056691C29472A2300F7958F /* UIView + Ext.swift in Sources */ = {isa = PBXBuildFile; fileRef = F056691B29472A2300F7958F /* UIView + Ext.swift */; };
		F056691E29472A3B00F7958F /* UIColor + Ext.swift in Sources */ = {isa = PBXBuildFile; fileRef = F056691D29472A3B00F7958F /* UIColor + Ext.swift */; };
		F056692329472C2300F7958F /* Resourses.swift in Sources */ = {isa = PBXBuildFile; fileRef = F056692229472C2300F7958F /* Resourses.swift */; };
		F056692529472D6F00F7958F /* MainScreenCityWeatherTableViewCell.swift in Sources */ = {isa = PBXBuildFile; fileRef = F056692429472D6F00F7958F /* MainScreenCityWeatherTableViewCell.swift */; };
		F056692A2947360B00F7958F /* SF-Pro-Display-Bold.otf in Resources */ = {isa = PBXBuildFile; fileRef = F05669262947360B00F7958F /* SF-Pro-Display-Bold.otf */; };
		F056692B2947360B00F7958F /* SF-Pro-Display-Thin.otf in Resources */ = {isa = PBXBuildFile; fileRef = F05669272947360B00F7958F /* SF-Pro-Display-Thin.otf */; };
		F056692C2947360B00F7958F /* SF-Pro-Display-Regular.otf in Resources */ = {isa = PBXBuildFile; fileRef = F05669282947360B00F7958F /* SF-Pro-Display-Regular.otf */; };
		F056692D2947360B00F7958F /* SF-Pro-Display-Medium.otf in Resources */ = {isa = PBXBuildFile; fileRef = F05669292947360B00F7958F /* SF-Pro-Display-Medium.otf */; };
		F0BF43A72947518900AB753B /* MainHeaderView.swift in Sources */ = {isa = PBXBuildFile; fileRef = F0BF43A62947518900AB753B /* MainHeaderView.swift */; };
		F0E628892947786000AD37D7 /* DetailHeaderView.swift in Sources */ = {isa = PBXBuildFile; fileRef = F0E628882947785F00AD37D7 /* DetailHeaderView.swift */; };
		F0E6288B29478A9500AD37D7 /* UINavigationController + Ext.swift in Sources */ = {isa = PBXBuildFile; fileRef = F0E6288A29478A9500AD37D7 /* UINavigationController + Ext.swift */; };
		F0E628902947A10C00AD37D7 /* HourlyCollectionViewCell.swift in Sources */ = {isa = PBXBuildFile; fileRef = F0E6288F2947A10C00AD37D7 /* HourlyCollectionViewCell.swift */; };
		F0E628922947A24700AD37D7 /* Date + Ext.swift in Sources */ = {isa = PBXBuildFile; fileRef = F0E628912947A24700AD37D7 /* Date + Ext.swift */; };
		F0E6289E2948BA7C00AD37D7 /* DailyTableViewCell.swift in Sources */ = {isa = PBXBuildFile; fileRef = F0E6289D2948BA7C00AD37D7 /* DailyTableViewCell.swift */; };
		F0E628AC2948F72D00AD37D7 /* DetailShortHeaderView.swift in Sources */ = {isa = PBXBuildFile; fileRef = F0E628AB2948F72D00AD37D7 /* DetailShortHeaderView.swift */; };
		F0E9F859294BBB3200DB0D76 /* UiImageView + Ext.swift in Sources */ = {isa = PBXBuildFile; fileRef = F0E9F858294BBB3200DB0D76 /* UiImageView + Ext.swift */; };
		F0E9F85B294C877700DB0D76 /* CityWeatherTableViewSection.swift in Sources */ = {isa = PBXBuildFile; fileRef = F0E9F85A294C877700DB0D76 /* CityWeatherTableViewSection.swift */; };
		F0E9F85D294C8FCC00DB0D76 /* HourlyTableViewCell.swift in Sources */ = {isa = PBXBuildFile; fileRef = F0E9F85C294C8FCC00DB0D76 /* HourlyTableViewCell.swift */; };
		F0E9F85F294F9B3900DB0D76 /* InformationTableViewCell.swift in Sources */ = {isa = PBXBuildFile; fileRef = F0E9F85E294F9B3900DB0D76 /* InformationTableViewCell.swift */; };
		F0E9F861294FA0A700DB0D76 /* DescriptionTableViewCell.swift in Sources */ = {isa = PBXBuildFile; fileRef = F0E9F860294FA0A700DB0D76 /* DescriptionTableViewCell.swift */; };
/* End PBXBuildFile section */

/* Begin PBXFileReference section */
		F05668DF2947135B00F7958F /* WeatherApp.app */ = {isa = PBXFileReference; explicitFileType = wrapper.application; includeInIndex = 0; path = WeatherApp.app; sourceTree = BUILT_PRODUCTS_DIR; };
		F05668E22947135B00F7958F /* AppDelegate.swift */ = {isa = PBXFileReference; lastKnownFileType = sourcecode.swift; path = AppDelegate.swift; sourceTree = "<group>"; };
		F05668E42947135B00F7958F /* SceneDelegate.swift */ = {isa = PBXFileReference; lastKnownFileType = sourcecode.swift; path = SceneDelegate.swift; sourceTree = "<group>"; };
		F05668E92947135B00F7958F /* Base */ = {isa = PBXFileReference; lastKnownFileType = file.storyboard; name = Base; path = Base.lproj/Main.storyboard; sourceTree = "<group>"; };
		F05668EC2947135B00F7958F /* WeatherApp.xcdatamodel */ = {isa = PBXFileReference; lastKnownFileType = wrapper.xcdatamodel; path = WeatherApp.xcdatamodel; sourceTree = "<group>"; };
		F05668EE2947135D00F7958F /* Assets.xcassets */ = {isa = PBXFileReference; lastKnownFileType = folder.assetcatalog; path = Assets.xcassets; sourceTree = "<group>"; };
		F05668F12947135D00F7958F /* Base */ = {isa = PBXFileReference; lastKnownFileType = file.storyboard; name = Base; path = Base.lproj/LaunchScreen.storyboard; sourceTree = "<group>"; };
		F05668F32947135D00F7958F /* Info.plist */ = {isa = PBXFileReference; lastKnownFileType = text.plist.xml; path = Info.plist; sourceTree = "<group>"; };
		F05668FB2947178D00F7958F /* WeatherModel.swift */ = {isa = PBXFileReference; lastKnownFileType = sourcecode.swift; path = WeatherModel.swift; sourceTree = "<group>"; };
		F05668FE294717FE00F7958F /* OpenWeatherAPI.swift */ = {isa = PBXFileReference; lastKnownFileType = sourcecode.swift; path = OpenWeatherAPI.swift; sourceTree = "<group>"; };
		F05669002947181700F7958F /* WeatherTableViewSection.swift */ = {isa = PBXFileReference; lastKnownFileType = sourcecode.swift; path = WeatherTableViewSection.swift; sourceTree = "<group>"; };
		F05669072947187E00F7958F /* APIManager.swift */ = {isa = PBXFileReference; lastKnownFileType = sourcecode.swift; path = APIManager.swift; sourceTree = "<group>"; };
		F056690C294719A200F7958F /* CityWeatherViewController.swift */ = {isa = PBXFileReference; lastKnownFileType = sourcecode.swift; path = CityWeatherViewController.swift; sourceTree = "<group>"; };
		F05669192947292000F7958F /* MainScreenTableViewController.swift */ = {isa = PBXFileReference; lastKnownFileType = sourcecode.swift; path = MainScreenTableViewController.swift; sourceTree = "<group>"; };
		F056691B29472A2300F7958F /* UIView + Ext.swift */ = {isa = PBXFileReference; lastKnownFileType = sourcecode.swift; path = "UIView + Ext.swift"; sourceTree = "<group>"; };
		F056691D29472A3B00F7958F /* UIColor + Ext.swift */ = {isa = PBXFileReference; lastKnownFileType = sourcecode.swift; path = "UIColor + Ext.swift"; sourceTree = "<group>"; };
		F056692229472C2300F7958F /* Resourses.swift */ = {isa = PBXFileReference; lastKnownFileType = sourcecode.swift; path = Resourses.swift; sourceTree = "<group>"; };
		F056692429472D6F00F7958F /* MainScreenCityWeatherTableViewCell.swift */ = {isa = PBXFileReference; lastKnownFileType = sourcecode.swift; path = MainScreenCityWeatherTableViewCell.swift; sourceTree = "<group>"; };
		F05669262947360B00F7958F /* SF-Pro-Display-Bold.otf */ = {isa = PBXFileReference; lastKnownFileType = file; path = "SF-Pro-Display-Bold.otf"; sourceTree = "<group>"; };
		F05669272947360B00F7958F /* SF-Pro-Display-Thin.otf */ = {isa = PBXFileReference; lastKnownFileType = file; path = "SF-Pro-Display-Thin.otf"; sourceTree = "<group>"; };
		F05669282947360B00F7958F /* SF-Pro-Display-Regular.otf */ = {isa = PBXFileReference; lastKnownFileType = file; path = "SF-Pro-Display-Regular.otf"; sourceTree = "<group>"; };
		F05669292947360B00F7958F /* SF-Pro-Display-Medium.otf */ = {isa = PBXFileReference; lastKnownFileType = file; path = "SF-Pro-Display-Medium.otf"; sourceTree = "<group>"; };
		F0BF43A62947518900AB753B /* MainHeaderView.swift */ = {isa = PBXFileReference; lastKnownFileType = sourcecode.swift; path = MainHeaderView.swift; sourceTree = "<group>"; };
		F0E628882947785F00AD37D7 /* DetailHeaderView.swift */ = {isa = PBXFileReference; lastKnownFileType = sourcecode.swift; path = DetailHeaderView.swift; sourceTree = "<group>"; };
		F0E6288A29478A9500AD37D7 /* UINavigationController + Ext.swift */ = {isa = PBXFileReference; lastKnownFileType = sourcecode.swift; path = "UINavigationController + Ext.swift"; sourceTree = "<group>"; };
		F0E6288F2947A10C00AD37D7 /* HourlyCollectionViewCell.swift */ = {isa = PBXFileReference; lastKnownFileType = sourcecode.swift; path = HourlyCollectionViewCell.swift; sourceTree = "<group>"; };
		F0E628912947A24700AD37D7 /* Date + Ext.swift */ = {isa = PBXFileReference; lastKnownFileType = sourcecode.swift; path = "Date + Ext.swift"; sourceTree = "<group>"; };
		F0E6289D2948BA7C00AD37D7 /* DailyTableViewCell.swift */ = {isa = PBXFileReference; lastKnownFileType = sourcecode.swift; path = DailyTableViewCell.swift; sourceTree = "<group>"; };
		F0E628AB2948F72D00AD37D7 /* DetailShortHeaderView.swift */ = {isa = PBXFileReference; lastKnownFileType = sourcecode.swift; path = DetailShortHeaderView.swift; sourceTree = "<group>"; };
		F0E9F858294BBB3200DB0D76 /* UiImageView + Ext.swift */ = {isa = PBXFileReference; lastKnownFileType = sourcecode.swift; path = "UiImageView + Ext.swift"; sourceTree = "<group>"; };
		F0E9F85A294C877700DB0D76 /* CityWeatherTableViewSection.swift */ = {isa = PBXFileReference; lastKnownFileType = sourcecode.swift; path = CityWeatherTableViewSection.swift; sourceTree = "<group>"; };
		F0E9F85C294C8FCC00DB0D76 /* HourlyTableViewCell.swift */ = {isa = PBXFileReference; lastKnownFileType = sourcecode.swift; path = HourlyTableViewCell.swift; sourceTree = "<group>"; };
		F0E9F85E294F9B3900DB0D76 /* InformationTableViewCell.swift */ = {isa = PBXFileReference; lastKnownFileType = sourcecode.swift; path = InformationTableViewCell.swift; sourceTree = "<group>"; };
		F0E9F860294FA0A700DB0D76 /* DescriptionTableViewCell.swift */ = {isa = PBXFileReference; lastKnownFileType = sourcecode.swift; path = DescriptionTableViewCell.swift; sourceTree = "<group>"; };
/* End PBXFileReference section */

/* Begin PBXFrameworksBuildPhase section */
		F05668DC2947135B00F7958F /* Frameworks */ = {
			isa = PBXFrameworksBuildPhase;
			buildActionMask = 2147483647;
			files = (
			);
			runOnlyForDeploymentPostprocessing = 0;
		};
/* End PBXFrameworksBuildPhase section */

/* Begin PBXGroup section */
		F05668D62947135B00F7958F = {
			isa = PBXGroup;
			children = (
				F05668E12947135B00F7958F /* WeatherApp */,
				F05668E02947135B00F7958F /* Products */,
			);
			sourceTree = "<group>";
		};
		F05668E02947135B00F7958F /* Products */ = {
			isa = PBXGroup;
			children = (
				F05668DF2947135B00F7958F /* WeatherApp.app */,
			);
			name = Products;
			sourceTree = "<group>";
		};
		F05668E12947135B00F7958F /* WeatherApp */ = {
			isa = PBXGroup;
			children = (
				F05668FA2947165B00F7958F /* ViewControllers */,
				F0566910294719DD00F7958F /* View */,
				F0BF43A52947517000AB753B /* TableView */,
				F05668FD294717E500F7958F /* Model */,
				F05669022947183800F7958F /* NetworkService */,
				F056690B2947189B00F7958F /* Helpers */,
				F05668F92947163D00F7958F /* Supporting files */,
			);
			path = WeatherApp;
			sourceTree = "<group>";
		};
		F05668F92947163D00F7958F /* Supporting files */ = {
			isa = PBXGroup;
			children = (
				F05668E22947135B00F7958F /* AppDelegate.swift */,
				F05668E42947135B00F7958F /* SceneDelegate.swift */,
				F05668E82947135B00F7958F /* Main.storyboard */,
				F05668EE2947135D00F7958F /* Assets.xcassets */,
				F05668F02947135D00F7958F /* LaunchScreen.storyboard */,
				F05668F32947135D00F7958F /* Info.plist */,
				F05668EB2947135B00F7958F /* WeatherApp.xcdatamodeld */,
				F05669262947360B00F7958F /* SF-Pro-Display-Bold.otf */,
				F05669292947360B00F7958F /* SF-Pro-Display-Medium.otf */,
				F05669282947360B00F7958F /* SF-Pro-Display-Regular.otf */,
				F05669272947360B00F7958F /* SF-Pro-Display-Thin.otf */,
			);
			path = "Supporting files";
			sourceTree = "<group>";
		};
		F05668FA2947165B00F7958F /* ViewControllers */ = {
			isa = PBXGroup;
			children = (
				F05669192947292000F7958F /* MainScreenTableViewController.swift */,
				F056690C294719A200F7958F /* CityWeatherViewController.swift */,
			);
			path = ViewControllers;
			sourceTree = "<group>";
		};
		F05668FD294717E500F7958F /* Model */ = {
			isa = PBXGroup;
			children = (
				F05668FB2947178D00F7958F /* WeatherModel.swift */,
				F05668FE294717FE00F7958F /* OpenWeatherAPI.swift */,
				F05669002947181700F7958F /* WeatherTableViewSection.swift */,
			);
			path = Model;
			sourceTree = "<group>";
		};
		F05669022947183800F7958F /* NetworkService */ = {
			isa = PBXGroup;
			children = (
				F05669072947187E00F7958F /* APIManager.swift */,
			);
			path = NetworkService;
			sourceTree = "<group>";
		};
		F056690B2947189B00F7958F /* Helpers */ = {
			isa = PBXGroup;
			children = (
				F056692229472C2300F7958F /* Resourses.swift */,
				F0E9F85A294C877700DB0D76 /* CityWeatherTableViewSection.swift */,
				F056691B29472A2300F7958F /* UIView + Ext.swift */,
				F056691D29472A3B00F7958F /* UIColor + Ext.swift */,
				F0E628912947A24700AD37D7 /* Date + Ext.swift */,
				F0E6288A29478A9500AD37D7 /* UINavigationController + Ext.swift */,
				F0E9F858294BBB3200DB0D76 /* UiImageView + Ext.swift */,
			);
			path = Helpers;
			sourceTree = "<group>";
		};
		F0566910294719DD00F7958F /* View */ = {
			isa = PBXGroup;
			children = (
				F0E628972948ADEC00AD37D7 /* MainScreen */,
				F0E628962948ADE500AD37D7 /* CityWeatherScreen */,
			);
			path = View;
			sourceTree = "<group>";
		};
		F056692129472B5200F7958F /* Cell */ = {
			isa = PBXGroup;
			children = (
				F0E628982948AE1D00AD37D7 /* MainScreen */,
			);
			path = Cell;
			sourceTree = "<group>";
		};
		F08310202955E8F600168268 /* CityWeatherScreen */ = {
			isa = PBXGroup;
			children = (
				F0E9F85C294C8FCC00DB0D76 /* HourlyTableViewCell.swift */,
				F0E6288F2947A10C00AD37D7 /* HourlyCollectionViewCell.swift */,
				F0E6289D2948BA7C00AD37D7 /* DailyTableViewCell.swift */,
				F0E9F85E294F9B3900DB0D76 /* InformationTableViewCell.swift */,
				F0E9F860294FA0A700DB0D76 /* DescriptionTableViewCell.swift */,
			);
			name = CityWeatherScreen;
			path = Cell/CityWeatherScreen;
			sourceTree = "<group>";
		};
		F0BF43A52947517000AB753B /* TableView */ = {
			isa = PBXGroup;
			children = (
				F056692129472B5200F7958F /* Cell */,
				F08310202955E8F600168268 /* CityWeatherScreen */,
			);
			path = TableView;
			sourceTree = "<group>";
		};
		F0E628962948ADE500AD37D7 /* CityWeatherScreen */ = {
			isa = PBXGroup;
			children = (
				F0E628992948AE4500AD37D7 /* Header */,
			);
			path = CityWeatherScreen;
			sourceTree = "<group>";
		};
		F0E628972948ADEC00AD37D7 /* MainScreen */ = {
			isa = PBXGroup;
			children = (
				F0BF43A62947518900AB753B /* MainHeaderView.swift */,
			);
			path = MainScreen;
			sourceTree = "<group>";
		};
		F0E628982948AE1D00AD37D7 /* MainScreen */ = {
			isa = PBXGroup;
			children = (
				F056692429472D6F00F7958F /* MainScreenCityWeatherTableViewCell.swift */,
			);
			path = MainScreen;
			sourceTree = "<group>";
		};
		F0E628992948AE4500AD37D7 /* Header */ = {
			isa = PBXGroup;
			children = (
				F0E628882947785F00AD37D7 /* DetailHeaderView.swift */,
				F0E628AB2948F72D00AD37D7 /* DetailShortHeaderView.swift */,
			);
			path = Header;
			sourceTree = "<group>";
		};
/* End PBXGroup section */

/* Begin PBXNativeTarget section */
		F05668DE2947135B00F7958F /* WeatherApp */ = {
			isa = PBXNativeTarget;
			buildConfigurationList = F05668F62947135D00F7958F /* Build configuration list for PBXNativeTarget "WeatherApp" */;
			buildPhases = (
				F05668DB2947135B00F7958F /* Sources */,
				F05668DC2947135B00F7958F /* Frameworks */,
				F05668DD2947135B00F7958F /* Resources */,
			);
			buildRules = (
			);
			dependencies = (
			);
			name = WeatherApp;
			productName = WeatherApp;
			productReference = F05668DF2947135B00F7958F /* WeatherApp.app */;
			productType = "com.apple.product-type.application";
		};
/* End PBXNativeTarget section */

/* Begin PBXProject section */
		F05668D72947135B00F7958F /* Project object */ = {
			isa = PBXProject;
			attributes = {
				BuildIndependentTargetsInParallel = 1;
				LastSwiftUpdateCheck = 1400;
				LastUpgradeCheck = 1400;
				TargetAttributes = {
					F05668DE2947135B00F7958F = {
						CreatedOnToolsVersion = 14.0.1;
					};
				};
			};
			buildConfigurationList = F05668DA2947135B00F7958F /* Build configuration list for PBXProject "WeatherApp" */;
			compatibilityVersion = "Xcode 14.0";
			developmentRegion = en;
			hasScannedForEncodings = 0;
			knownRegions = (
				en,
				Base,
			);
			mainGroup = F05668D62947135B00F7958F;
			productRefGroup = F05668E02947135B00F7958F /* Products */;
			projectDirPath = "";
			projectRoot = "";
			targets = (
				F05668DE2947135B00F7958F /* WeatherApp */,
			);
		};
/* End PBXProject section */

/* Begin PBXResourcesBuildPhase section */
		F05668DD2947135B00F7958F /* Resources */ = {
			isa = PBXResourcesBuildPhase;
			buildActionMask = 2147483647;
			files = (
				F056692B2947360B00F7958F /* SF-Pro-Display-Thin.otf in Resources */,
				F05668F22947135D00F7958F /* LaunchScreen.storyboard in Resources */,
				F05668EF2947135D00F7958F /* Assets.xcassets in Resources */,
				F056692A2947360B00F7958F /* SF-Pro-Display-Bold.otf in Resources */,
				F056692C2947360B00F7958F /* SF-Pro-Display-Regular.otf in Resources */,
				F05668EA2947135B00F7958F /* Main.storyboard in Resources */,
				F056692D2947360B00F7958F /* SF-Pro-Display-Medium.otf in Resources */,
			);
			runOnlyForDeploymentPostprocessing = 0;
		};
/* End PBXResourcesBuildPhase section */

/* Begin PBXSourcesBuildPhase section */
		F05668DB2947135B00F7958F /* Sources */ = {
			isa = PBXSourcesBuildPhase;
			buildActionMask = 2147483647;
			files = (
				F05668ED2947135B00F7958F /* WeatherApp.xcdatamodeld in Sources */,
				F056692529472D6F00F7958F /* MainScreenCityWeatherTableViewCell.swift in Sources */,
				F0E628AC2948F72D00AD37D7 /* DetailShortHeaderView.swift in Sources */,
				F05669082947187E00F7958F /* APIManager.swift in Sources */,
				F0BF43A72947518900AB753B /* MainHeaderView.swift in Sources */,
				F056691A2947292000F7958F /* MainScreenTableViewController.swift in Sources */,
				F05668E32947135B00F7958F /* AppDelegate.swift in Sources */,
				F056692329472C2300F7958F /* Resourses.swift in Sources */,
				F0E9F859294BBB3200DB0D76 /* UiImageView + Ext.swift in Sources */,
				F0E628892947786000AD37D7 /* DetailHeaderView.swift in Sources */,
				F05668E52947135B00F7958F /* SceneDelegate.swift in Sources */,
				F0E9F861294FA0A700DB0D76 /* DescriptionTableViewCell.swift in Sources */,
				F05669012947181700F7958F /* WeatherTableViewSection.swift in Sources */,
				F0E628902947A10C00AD37D7 /* HourlyCollectionViewCell.swift in Sources */,
				F056691E29472A3B00F7958F /* UIColor + Ext.swift in Sources */,
				F0E9F85D294C8FCC00DB0D76 /* HourlyTableViewCell.swift in Sources */,
				F0E628922947A24700AD37D7 /* Date + Ext.swift in Sources */,
				F056690D294719A200F7958F /* CityWeatherViewController.swift in Sources */,
				F056691C29472A2300F7958F /* UIView + Ext.swift in Sources */,
				F0E9F85F294F9B3900DB0D76 /* InformationTableViewCell.swift in Sources */,
				F0E6288B29478A9500AD37D7 /* UINavigationController + Ext.swift in Sources */,
				F05668FC2947178D00F7958F /* WeatherModel.swift in Sources */,
				F0E6289E2948BA7C00AD37D7 /* DailyTableViewCell.swift in Sources */,
				F0E9F85B294C877700DB0D76 /* CityWeatherTableViewSection.swift in Sources */,
				F05668FF294717FE00F7958F /* OpenWeatherAPI.swift in Sources */,
			);
			runOnlyForDeploymentPostprocessing = 0;
		};
/* End PBXSourcesBuildPhase section */

/* Begin PBXVariantGroup section */
		F05668E82947135B00F7958F /* Main.storyboard */ = {
			isa = PBXVariantGroup;
			children = (
				F05668E92947135B00F7958F /* Base */,
			);
			name = Main.storyboard;
			sourceTree = "<group>";
		};
		F05668F02947135D00F7958F /* LaunchScreen.storyboard */ = {
			isa = PBXVariantGroup;
			children = (
				F05668F12947135D00F7958F /* Base */,
			);
			name = LaunchScreen.storyboard;
			sourceTree = "<group>";
		};
/* End PBXVariantGroup section */

/* Begin XCBuildConfiguration section */
		F05668F42947135D00F7958F /* Debug */ = {
			isa = XCBuildConfiguration;
			buildSettings = {
				ALWAYS_SEARCH_USER_PATHS = NO;
				CLANG_ANALYZER_NONNULL = YES;
				CLANG_ANALYZER_NUMBER_OBJECT_CONVERSION = YES_AGGRESSIVE;
				CLANG_CXX_LANGUAGE_STANDARD = "gnu++20";
				CLANG_ENABLE_MODULES = YES;
				CLANG_ENABLE_OBJC_ARC = YES;
				CLANG_ENABLE_OBJC_WEAK = YES;
				CLANG_WARN_BLOCK_CAPTURE_AUTORELEASING = YES;
				CLANG_WARN_BOOL_CONVERSION = YES;
				CLANG_WARN_COMMA = YES;
				CLANG_WARN_CONSTANT_CONVERSION = YES;
				CLANG_WARN_DEPRECATED_OBJC_IMPLEMENTATIONS = YES;
				CLANG_WARN_DIRECT_OBJC_ISA_USAGE = YES_ERROR;
				CLANG_WARN_DOCUMENTATION_COMMENTS = YES;
				CLANG_WARN_EMPTY_BODY = YES;
				CLANG_WARN_ENUM_CONVERSION = YES;
				CLANG_WARN_INFINITE_RECURSION = YES;
				CLANG_WARN_INT_CONVERSION = YES;
				CLANG_WARN_NON_LITERAL_NULL_CONVERSION = YES;
				CLANG_WARN_OBJC_IMPLICIT_RETAIN_SELF = YES;
				CLANG_WARN_OBJC_LITERAL_CONVERSION = YES;
				CLANG_WARN_OBJC_ROOT_CLASS = YES_ERROR;
				CLANG_WARN_QUOTED_INCLUDE_IN_FRAMEWORK_HEADER = YES;
				CLANG_WARN_RANGE_LOOP_ANALYSIS = YES;
				CLANG_WARN_STRICT_PROTOTYPES = YES;
				CLANG_WARN_SUSPICIOUS_MOVE = YES;
				CLANG_WARN_UNGUARDED_AVAILABILITY = YES_AGGRESSIVE;
				CLANG_WARN_UNREACHABLE_CODE = YES;
				CLANG_WARN__DUPLICATE_METHOD_MATCH = YES;
				COPY_PHASE_STRIP = NO;
				DEBUG_INFORMATION_FORMAT = dwarf;
				ENABLE_STRICT_OBJC_MSGSEND = YES;
				ENABLE_TESTABILITY = YES;
				GCC_C_LANGUAGE_STANDARD = gnu11;
				GCC_DYNAMIC_NO_PIC = NO;
				GCC_NO_COMMON_BLOCKS = YES;
				GCC_OPTIMIZATION_LEVEL = 0;
				GCC_PREPROCESSOR_DEFINITIONS = (
					"DEBUG=1",
					"$(inherited)",
				);
				GCC_WARN_64_TO_32_BIT_CONVERSION = YES;
				GCC_WARN_ABOUT_RETURN_TYPE = YES_ERROR;
				GCC_WARN_UNDECLARED_SELECTOR = YES;
				GCC_WARN_UNINITIALIZED_AUTOS = YES_AGGRESSIVE;
				GCC_WARN_UNUSED_FUNCTION = YES;
				GCC_WARN_UNUSED_VARIABLE = YES;
				IPHONEOS_DEPLOYMENT_TARGET = 16.0;
				MTL_ENABLE_DEBUG_INFO = INCLUDE_SOURCE;
				MTL_FAST_MATH = YES;
				ONLY_ACTIVE_ARCH = YES;
				SDKROOT = iphoneos;
				SWIFT_ACTIVE_COMPILATION_CONDITIONS = DEBUG;
				SWIFT_OPTIMIZATION_LEVEL = "-Onone";
			};
			name = Debug;
		};
		F05668F52947135D00F7958F /* Release */ = {
			isa = XCBuildConfiguration;
			buildSettings = {
				ALWAYS_SEARCH_USER_PATHS = NO;
				CLANG_ANALYZER_NONNULL = YES;
				CLANG_ANALYZER_NUMBER_OBJECT_CONVERSION = YES_AGGRESSIVE;
				CLANG_CXX_LANGUAGE_STANDARD = "gnu++20";
				CLANG_ENABLE_MODULES = YES;
				CLANG_ENABLE_OBJC_ARC = YES;
				CLANG_ENABLE_OBJC_WEAK = YES;
				CLANG_WARN_BLOCK_CAPTURE_AUTORELEASING = YES;
				CLANG_WARN_BOOL_CONVERSION = YES;
				CLANG_WARN_COMMA = YES;
				CLANG_WARN_CONSTANT_CONVERSION = YES;
				CLANG_WARN_DEPRECATED_OBJC_IMPLEMENTATIONS = YES;
				CLANG_WARN_DIRECT_OBJC_ISA_USAGE = YES_ERROR;
				CLANG_WARN_DOCUMENTATION_COMMENTS = YES;
				CLANG_WARN_EMPTY_BODY = YES;
				CLANG_WARN_ENUM_CONVERSION = YES;
				CLANG_WARN_INFINITE_RECURSION = YES;
				CLANG_WARN_INT_CONVERSION = YES;
				CLANG_WARN_NON_LITERAL_NULL_CONVERSION = YES;
				CLANG_WARN_OBJC_IMPLICIT_RETAIN_SELF = YES;
				CLANG_WARN_OBJC_LITERAL_CONVERSION = YES;
				CLANG_WARN_OBJC_ROOT_CLASS = YES_ERROR;
				CLANG_WARN_QUOTED_INCLUDE_IN_FRAMEWORK_HEADER = YES;
				CLANG_WARN_RANGE_LOOP_ANALYSIS = YES;
				CLANG_WARN_STRICT_PROTOTYPES = YES;
				CLANG_WARN_SUSPICIOUS_MOVE = YES;
				CLANG_WARN_UNGUARDED_AVAILABILITY = YES_AGGRESSIVE;
				CLANG_WARN_UNREACHABLE_CODE = YES;
				CLANG_WARN__DUPLICATE_METHOD_MATCH = YES;
				COPY_PHASE_STRIP = NO;
				DEBUG_INFORMATION_FORMAT = "dwarf-with-dsym";
				ENABLE_NS_ASSERTIONS = NO;
				ENABLE_STRICT_OBJC_MSGSEND = YES;
				GCC_C_LANGUAGE_STANDARD = gnu11;
				GCC_NO_COMMON_BLOCKS = YES;
				GCC_WARN_64_TO_32_BIT_CONVERSION = YES;
				GCC_WARN_ABOUT_RETURN_TYPE = YES_ERROR;
				GCC_WARN_UNDECLARED_SELECTOR = YES;
				GCC_WARN_UNINITIALIZED_AUTOS = YES_AGGRESSIVE;
				GCC_WARN_UNUSED_FUNCTION = YES;
				GCC_WARN_UNUSED_VARIABLE = YES;
				IPHONEOS_DEPLOYMENT_TARGET = 16.0;
				MTL_ENABLE_DEBUG_INFO = NO;
				MTL_FAST_MATH = YES;
				SDKROOT = iphoneos;
				SWIFT_COMPILATION_MODE = wholemodule;
				SWIFT_OPTIMIZATION_LEVEL = "-O";
				VALIDATE_PRODUCT = YES;
			};
			name = Release;
		};
		F05668F72947135D00F7958F /* Debug */ = {
			isa = XCBuildConfiguration;
			buildSettings = {
				ASSETCATALOG_COMPILER_APPICON_NAME = AppIcon;
				ASSETCATALOG_COMPILER_GLOBAL_ACCENT_COLOR_NAME = AccentColor;
				CODE_SIGN_STYLE = Automatic;
				CURRENT_PROJECT_VERSION = 1;
				DEVELOPMENT_TEAM = JH9H9M9BFS;
				GENERATE_INFOPLIST_FILE = YES;
				INFOPLIST_FILE = "WeatherApp/Supporting files/Info.plist";
				INFOPLIST_KEY_UIApplicationSupportsIndirectInputEvents = YES;
				INFOPLIST_KEY_UILaunchStoryboardName = LaunchScreen;
				INFOPLIST_KEY_UIMainStoryboardFile = Main;
				INFOPLIST_KEY_UISupportedInterfaceOrientations_iPad = "UIInterfaceOrientationPortrait UIInterfaceOrientationPortraitUpsideDown UIInterfaceOrientationLandscapeLeft UIInterfaceOrientationLandscapeRight";
				INFOPLIST_KEY_UISupportedInterfaceOrientations_iPhone = "UIInterfaceOrientationPortrait UIInterfaceOrientationLandscapeLeft UIInterfaceOrientationLandscapeRight";
				IPHONEOS_DEPLOYMENT_TARGET = 16.0;
				LD_RUNPATH_SEARCH_PATHS = (
					"$(inherited)",
					"@executable_path/Frameworks",
				);
				MARKETING_VERSION = 1.0;
				PRODUCT_BUNDLE_IDENTIFIER = navivokavis.WeatherApp;
				PRODUCT_NAME = "$(TARGET_NAME)";
				SWIFT_EMIT_LOC_STRINGS = YES;
				SWIFT_VERSION = 5.0;
				TARGETED_DEVICE_FAMILY = "1,2";
			};
			name = Debug;
		};
		F05668F82947135D00F7958F /* Release */ = {
			isa = XCBuildConfiguration;
			buildSettings = {
				ASSETCATALOG_COMPILER_APPICON_NAME = AppIcon;
				ASSETCATALOG_COMPILER_GLOBAL_ACCENT_COLOR_NAME = AccentColor;
				CODE_SIGN_STYLE = Automatic;
				CURRENT_PROJECT_VERSION = 1;
				DEVELOPMENT_TEAM = JH9H9M9BFS;
				GENERATE_INFOPLIST_FILE = YES;
				INFOPLIST_FILE = "WeatherApp/Supporting files/Info.plist";
				INFOPLIST_KEY_UIApplicationSupportsIndirectInputEvents = YES;
				INFOPLIST_KEY_UILaunchStoryboardName = LaunchScreen;
				INFOPLIST_KEY_UIMainStoryboardFile = Main;
				INFOPLIST_KEY_UISupportedInterfaceOrientations_iPad = "UIInterfaceOrientationPortrait UIInterfaceOrientationPortraitUpsideDown UIInterfaceOrientationLandscapeLeft UIInterfaceOrientationLandscapeRight";
				INFOPLIST_KEY_UISupportedInterfaceOrientations_iPhone = "UIInterfaceOrientationPortrait UIInterfaceOrientationLandscapeLeft UIInterfaceOrientationLandscapeRight";
				IPHONEOS_DEPLOYMENT_TARGET = 16.0;
				LD_RUNPATH_SEARCH_PATHS = (
					"$(inherited)",
					"@executable_path/Frameworks",
				);
				MARKETING_VERSION = 1.0;
				PRODUCT_BUNDLE_IDENTIFIER = navivokavis.WeatherApp;
				PRODUCT_NAME = "$(TARGET_NAME)";
				SWIFT_EMIT_LOC_STRINGS = YES;
				SWIFT_VERSION = 5.0;
				TARGETED_DEVICE_FAMILY = "1,2";
			};
			name = Release;
		};
/* End XCBuildConfiguration section */

/* Begin XCConfigurationList section */
		F05668DA2947135B00F7958F /* Build configuration list for PBXProject "WeatherApp" */ = {
			isa = XCConfigurationList;
			buildConfigurations = (
				F05668F42947135D00F7958F /* Debug */,
				F05668F52947135D00F7958F /* Release */,
			);
			defaultConfigurationIsVisible = 0;
			defaultConfigurationName = Release;
		};
		F05668F62947135D00F7958F /* Build configuration list for PBXNativeTarget "WeatherApp" */ = {
			isa = XCConfigurationList;
			buildConfigurations = (
				F05668F72947135D00F7958F /* Debug */,
				F05668F82947135D00F7958F /* Release */,
			);
			defaultConfigurationIsVisible = 0;
			defaultConfigurationName = Release;
		};
/* End XCConfigurationList section */

/* Begin XCVersionGroup section */
		F05668EB2947135B00F7958F /* WeatherApp.xcdatamodeld */ = {
			isa = XCVersionGroup;
			children = (
				F05668EC2947135B00F7958F /* WeatherApp.xcdatamodel */,
			);
			currentVersion = F05668EC2947135B00F7958F /* WeatherApp.xcdatamodel */;
			path = WeatherApp.xcdatamodeld;
			sourceTree = "<group>";
			versionGroupType = wrapper.xcdatamodel;
		};
/* End XCVersionGroup section */
	};
	rootObject = F05668D72947135B00F7958F /* Project object */;
}
